// !$*UTF8*$!
{
	archiveVersion = 1;
	classes = {
	};
	objectVersion = 55;
	objects = {

/* Begin PBXBuildFile section */
		0136FD3127FE755300D7DDFC /* WelcomeViewController.swift in Sources */ = {isa = PBXBuildFile; fileRef = 0136FD3027FE755300D7DDFC /* WelcomeViewController.swift */; };
		013EC7EE28197E4400E9A028 /* Constants.swift in Sources */ = {isa = PBXBuildFile; fileRef = 013EC7ED28197E4400E9A028 /* Constants.swift */; };
		014E43BF280E071500865ECA /* GoogleService-Info.plist in Resources */ = {isa = PBXBuildFile; fileRef = 014E43BE280E071500865ECA /* GoogleService-Info.plist */; };
		014E43C2280E165C00865ECA /* Extension.swift in Sources */ = {isa = PBXBuildFile; fileRef = 014E43C1280E165C00865ECA /* Extension.swift */; };
		015333202813998100BF2C97 /* Episode.swift in Sources */ = {isa = PBXBuildFile; fileRef = 0153331F2813998100BF2C97 /* Episode.swift */; };
		015333232813A52100BF2C97 /* EpisodeCell.swift in Sources */ = {isa = PBXBuildFile; fileRef = 015333212813A52100BF2C97 /* EpisodeCell.swift */; };
		015333242813A52100BF2C97 /* EpisodeCell.xib in Resources */ = {isa = PBXBuildFile; fileRef = 015333222813A52100BF2C97 /* EpisodeCell.xib */; };
		015333262813B17E00BF2C97 /* RSSFeed.swift in Sources */ = {isa = PBXBuildFile; fileRef = 015333252813B17E00BF2C97 /* RSSFeed.swift */; };
		016A95E528050C3200373F36 /* UserProfile.swift in Sources */ = {isa = PBXBuildFile; fileRef = 016A95E428050C3200373F36 /* UserProfile.swift */; };
		016A95E728050E1500373F36 /* NewAccount.swift in Sources */ = {isa = PBXBuildFile; fileRef = 016A95E628050E1500373F36 /* NewAccount.swift */; };
		016A95E9280510B900373F36 /* SignInViewController.swift in Sources */ = {isa = PBXBuildFile; fileRef = 016A95E8280510B900373F36 /* SignInViewController.swift */; };
		016A95EB280510D600373F36 /* HomeViewController.swift in Sources */ = {isa = PBXBuildFile; fileRef = 016A95EA280510D600373F36 /* HomeViewController.swift */; };
		016A95ED280511F900373F36 /* ProfileViewController.swift in Sources */ = {isa = PBXBuildFile; fileRef = 016A95EC280511F900373F36 /* ProfileViewController.swift */; };
		016A95EF2805122B00373F36 /* SignUpViewController.swift in Sources */ = {isa = PBXBuildFile; fileRef = 016A95EE2805122B00373F36 /* SignUpViewController.swift */; };
		016A95F6280512A700373F36 /* FristOTPViewController.swift in Sources */ = {isa = PBXBuildFile; fileRef = 016A95F5280512A700373F36 /* FristOTPViewController.swift */; };
		016A95F8280512CB00373F36 /* SecondOTPViewController.swift in Sources */ = {isa = PBXBuildFile; fileRef = 016A95F7280512CB00373F36 /* SecondOTPViewController.swift */; };
		016A95FA280512E900373F36 /* SignUpCompletionViewController.swift in Sources */ = {isa = PBXBuildFile; fileRef = 016A95F9280512E900373F36 /* SignUpCompletionViewController.swift */; };
		016A95FC2805130200373F36 /* FirstOnboardViewController.swift in Sources */ = {isa = PBXBuildFile; fileRef = 016A95FB2805130200373F36 /* FirstOnboardViewController.swift */; };
		016A95FE2805131700373F36 /* SecondOnboardViewController.swift in Sources */ = {isa = PBXBuildFile; fileRef = 016A95FD2805131700373F36 /* SecondOnboardViewController.swift */; };
		016A96002805132000373F36 /* LastOnboardViewController.swift in Sources */ = {isa = PBXBuildFile; fileRef = 016A95FF2805132000373F36 /* LastOnboardViewController.swift */; };
		0174C6C6281771BC007CF424 /* UIApplication.swift in Sources */ = {isa = PBXBuildFile; fileRef = 0174C6C5281771BC007CF424 /* UIApplication.swift */; };
		017E027F2821A04E00BD2A82 /* BaseSlidingController.swift in Sources */ = {isa = PBXBuildFile; fileRef = 017E027E2821A04E00BD2A82 /* BaseSlidingController.swift */; };
		017E02812821B5F400BD2A82 /* CustomHeaderMenu.swift in Sources */ = {isa = PBXBuildFile; fileRef = 017E02802821B5F400BD2A82 /* CustomHeaderMenu.swift */; };
		017E02832821CAF500BD2A82 /* SpacerView.swift in Sources */ = {isa = PBXBuildFile; fileRef = 017E02822821CAF500BD2A82 /* SpacerView.swift */; };
		017E02852821CDC100BD2A82 /* ProfileImageView.swift in Sources */ = {isa = PBXBuildFile; fileRef = 017E02842821CDC100BD2A82 /* ProfileImageView.swift */; };
		017E02872821EDDA00BD2A82 /* MenuItemCell.swift in Sources */ = {isa = PBXBuildFile; fileRef = 017E02862821EDDA00BD2A82 /* MenuItemCell.swift */; };
		018562FA281DA4690073F814 /* ChatViewController.swift in Sources */ = {isa = PBXBuildFile; fileRef = 018562F9281DA4690073F814 /* ChatViewController.swift */; };
		018562FD281DA98A0073F814 /* MainMenuTableViewController.swift in Sources */ = {isa = PBXBuildFile; fileRef = 018562FC281DA98A0073F814 /* MainMenuTableViewController.swift */; };
		01928A91281A073E005572E5 /* TokenService.swift in Sources */ = {isa = PBXBuildFile; fileRef = 01928A90281A073E005572E5 /* TokenService.swift */; };
		01B4D6E02820963400843C25 /* MenuController.swift in Sources */ = {isa = PBXBuildFile; fileRef = 01B4D6DF2820963400843C25 /* MenuController.swift */; };
		01B96A63280F81AC0054985D /* SearchResults.swift in Sources */ = {isa = PBXBuildFile; fileRef = 01B96A62280F81AC0054985D /* SearchResults.swift */; };
		01B96A65280F93660054985D /* APIService.swift in Sources */ = {isa = PBXBuildFile; fileRef = 01B96A64280F93660054985D /* APIService.swift */; };
		01B96A67280F9BC40054985D /* PodcastCell.xib in Resources */ = {isa = PBXBuildFile; fileRef = 01B96A66280F9BC40054985D /* PodcastCell.xib */; };
		01B96A69280F9E560054985D /* PodcastCell.swift in Sources */ = {isa = PBXBuildFile; fileRef = 01B96A68280F9E560054985D /* PodcastCell.swift */; };
		01C787E627F2FDCA00225B50 /* AppDelegate.swift in Sources */ = {isa = PBXBuildFile; fileRef = 01C787E527F2FDCA00225B50 /* AppDelegate.swift */; };
		01C787E827F2FDCA00225B50 /* SceneDelegate.swift in Sources */ = {isa = PBXBuildFile; fileRef = 01C787E727F2FDCA00225B50 /* SceneDelegate.swift */; };
		01C787EA27F2FDCA00225B50 /* ViewController.swift in Sources */ = {isa = PBXBuildFile; fileRef = 01C787E927F2FDCA00225B50 /* ViewController.swift */; };
		01C787ED27F2FDCA00225B50 /* Main.storyboard in Resources */ = {isa = PBXBuildFile; fileRef = 01C787EB27F2FDCA00225B50 /* Main.storyboard */; };
		01C787F027F2FDCA00225B50 /* Vox.xcdatamodeld in Sources */ = {isa = PBXBuildFile; fileRef = 01C787EE27F2FDCA00225B50 /* Vox.xcdatamodeld */; };
		01C787F227F2FDCA00225B50 /* Assets.xcassets in Resources */ = {isa = PBXBuildFile; fileRef = 01C787F127F2FDCA00225B50 /* Assets.xcassets */; };
		01C787F527F2FDCA00225B50 /* LaunchScreen.storyboard in Resources */ = {isa = PBXBuildFile; fileRef = 01C787F327F2FDCA00225B50 /* LaunchScreen.storyboard */; };
		01C7880027F2FDCA00225B50 /* VoxTests.swift in Sources */ = {isa = PBXBuildFile; fileRef = 01C787FF27F2FDCA00225B50 /* VoxTests.swift */; };
		01C7880A27F2FDCA00225B50 /* VoxUITests.swift in Sources */ = {isa = PBXBuildFile; fileRef = 01C7880927F2FDCA00225B50 /* VoxUITests.swift */; };
		01C7880C27F2FDCA00225B50 /* VoxUITestsLaunchTests.swift in Sources */ = {isa = PBXBuildFile; fileRef = 01C7880B27F2FDCA00225B50 /* VoxUITestsLaunchTests.swift */; };
		01C7E824281452CC001C828E /* PlayerDetailsView.xib in Resources */ = {isa = PBXBuildFile; fileRef = 01C7E823281452CC001C828E /* PlayerDetailsView.xib */; };
		01C7E82628145558001C828E /* PlayerDetailsView.swift in Sources */ = {isa = PBXBuildFile; fileRef = 01C7E82528145558001C828E /* PlayerDetailsView.swift */; };
		01D7A38628138D1700D7DF71 /* EpisodeControllerTableViewController.swift in Sources */ = {isa = PBXBuildFile; fileRef = 01D7A38528138D1700D7DF71 /* EpisodeControllerTableViewController.swift */; };
		01D8B68A2817D5200029CA43 /* FavoritePodcastCell.swift in Sources */ = {isa = PBXBuildFile; fileRef = 01D8B6892817D5200029CA43 /* FavoritePodcastCell.swift */; };
		01D8B68C2817D5890029CA43 /* FavoritesController.swift in Sources */ = {isa = PBXBuildFile; fileRef = 01D8B68B2817D5890029CA43 /* FavoritesController.swift */; };
		01D8B68E2817D5D50029CA43 /* UserDefault.swift in Sources */ = {isa = PBXBuildFile; fileRef = 01D8B68D2817D5D50029CA43 /* UserDefault.swift */; };
		01F15D1B2808E3AB001A10C6 /* MainTabBarViewController.swift in Sources */ = {isa = PBXBuildFile; fileRef = 01F15D1A2808E3AB001A10C6 /* MainTabBarViewController.swift */; };
		01F15D1D2808E502001A10C6 /* PodcastViewController.swift in Sources */ = {isa = PBXBuildFile; fileRef = 01F15D1C2808E502001A10C6 /* PodcastViewController.swift */; };
		01F15D1F2808FD13001A10C6 /* PodcastSearchController.swift in Sources */ = {isa = PBXBuildFile; fileRef = 01F15D1E2808FD13001A10C6 /* PodcastSearchController.swift */; };
		01F15D212808FDA1001A10C6 /* Podcast.swift in Sources */ = {isa = PBXBuildFile; fileRef = 01F15D202808FDA1001A10C6 /* Podcast.swift */; };
		71B9767F85870F9C9BB5F9BF /* Pods_VoxTests.framework in Frameworks */ = {isa = PBXBuildFile; fileRef = A677D562C5F05724318D6E9D /* Pods_VoxTests.framework */; };
		A9F891EA50772897968C4FCA /* Pods_Vox.framework in Frameworks */ = {isa = PBXBuildFile; fileRef = B90CB95122C095C47C9BA1D7 /* Pods_Vox.framework */; };
		EC87D49197542C27EF9ED78A /* Pods_Vox_VoxUITests.framework in Frameworks */ = {isa = PBXBuildFile; fileRef = 692022CA461C66EEED952617 /* Pods_Vox_VoxUITests.framework */; };
/* End PBXBuildFile section */

/* Begin PBXContainerItemProxy section */
		01C787FC27F2FDCA00225B50 /* PBXContainerItemProxy */ = {
			isa = PBXContainerItemProxy;
			containerPortal = 01C787DA27F2FDC900225B50 /* Project object */;
			proxyType = 1;
			remoteGlobalIDString = 01C787E127F2FDCA00225B50;
			remoteInfo = Vox;
		};
		01C7880627F2FDCA00225B50 /* PBXContainerItemProxy */ = {
			isa = PBXContainerItemProxy;
			containerPortal = 01C787DA27F2FDC900225B50 /* Project object */;
			proxyType = 1;
			remoteGlobalIDString = 01C787E127F2FDCA00225B50;
			remoteInfo = Vox;
		};
/* End PBXContainerItemProxy section */

/* Begin PBXFileReference section */
		0136FD3027FE755300D7DDFC /* WelcomeViewController.swift */ = {isa = PBXFileReference; lastKnownFileType = sourcecode.swift; path = WelcomeViewController.swift; sourceTree = "<group>"; };
		013EC7ED28197E4400E9A028 /* Constants.swift */ = {isa = PBXFileReference; lastKnownFileType = sourcecode.swift; path = Constants.swift; sourceTree = "<group>"; };
		014E43BE280E071500865ECA /* GoogleService-Info.plist */ = {isa = PBXFileReference; lastKnownFileType = text.plist; path = "GoogleService-Info.plist"; sourceTree = SOURCE_ROOT; };
		014E43C1280E165C00865ECA /* Extension.swift */ = {isa = PBXFileReference; lastKnownFileType = sourcecode.swift; path = Extension.swift; sourceTree = "<group>"; };
		0153331F2813998100BF2C97 /* Episode.swift */ = {isa = PBXFileReference; lastKnownFileType = sourcecode.swift; path = Episode.swift; sourceTree = "<group>"; };
		015333212813A52100BF2C97 /* EpisodeCell.swift */ = {isa = PBXFileReference; lastKnownFileType = sourcecode.swift; path = EpisodeCell.swift; sourceTree = "<group>"; };
		015333222813A52100BF2C97 /* EpisodeCell.xib */ = {isa = PBXFileReference; lastKnownFileType = file.xib; path = EpisodeCell.xib; sourceTree = "<group>"; };
		015333252813B17E00BF2C97 /* RSSFeed.swift */ = {isa = PBXFileReference; lastKnownFileType = sourcecode.swift; path = RSSFeed.swift; sourceTree = "<group>"; };
		016A95E428050C3200373F36 /* UserProfile.swift */ = {isa = PBXFileReference; lastKnownFileType = sourcecode.swift; path = UserProfile.swift; sourceTree = "<group>"; };
		016A95E628050E1500373F36 /* NewAccount.swift */ = {isa = PBXFileReference; lastKnownFileType = sourcecode.swift; path = NewAccount.swift; sourceTree = "<group>"; };
		016A95E8280510B900373F36 /* SignInViewController.swift */ = {isa = PBXFileReference; lastKnownFileType = sourcecode.swift; path = SignInViewController.swift; sourceTree = "<group>"; };
		016A95EA280510D600373F36 /* HomeViewController.swift */ = {isa = PBXFileReference; lastKnownFileType = sourcecode.swift; path = HomeViewController.swift; sourceTree = "<group>"; };
		016A95EC280511F900373F36 /* ProfileViewController.swift */ = {isa = PBXFileReference; lastKnownFileType = sourcecode.swift; path = ProfileViewController.swift; sourceTree = "<group>"; };
		016A95EE2805122B00373F36 /* SignUpViewController.swift */ = {isa = PBXFileReference; lastKnownFileType = sourcecode.swift; path = SignUpViewController.swift; sourceTree = "<group>"; };
		016A95F5280512A700373F36 /* FristOTPViewController.swift */ = {isa = PBXFileReference; lastKnownFileType = sourcecode.swift; path = FristOTPViewController.swift; sourceTree = "<group>"; };
		016A95F7280512CB00373F36 /* SecondOTPViewController.swift */ = {isa = PBXFileReference; lastKnownFileType = sourcecode.swift; path = SecondOTPViewController.swift; sourceTree = "<group>"; };
		016A95F9280512E900373F36 /* SignUpCompletionViewController.swift */ = {isa = PBXFileReference; lastKnownFileType = sourcecode.swift; path = SignUpCompletionViewController.swift; sourceTree = "<group>"; };
		016A95FB2805130200373F36 /* FirstOnboardViewController.swift */ = {isa = PBXFileReference; lastKnownFileType = sourcecode.swift; path = FirstOnboardViewController.swift; sourceTree = "<group>"; };
		016A95FD2805131700373F36 /* SecondOnboardViewController.swift */ = {isa = PBXFileReference; lastKnownFileType = sourcecode.swift; path = SecondOnboardViewController.swift; sourceTree = "<group>"; };
		016A95FF2805132000373F36 /* LastOnboardViewController.swift */ = {isa = PBXFileReference; lastKnownFileType = sourcecode.swift; path = LastOnboardViewController.swift; sourceTree = "<group>"; };
		0174C6C5281771BC007CF424 /* UIApplication.swift */ = {isa = PBXFileReference; lastKnownFileType = sourcecode.swift; path = UIApplication.swift; sourceTree = "<group>"; };
		017E027E2821A04E00BD2A82 /* BaseSlidingController.swift */ = {isa = PBXFileReference; lastKnownFileType = sourcecode.swift; path = BaseSlidingController.swift; sourceTree = "<group>"; };
		017E02802821B5F400BD2A82 /* CustomHeaderMenu.swift */ = {isa = PBXFileReference; lastKnownFileType = sourcecode.swift; path = CustomHeaderMenu.swift; sourceTree = "<group>"; };
		017E02822821CAF500BD2A82 /* SpacerView.swift */ = {isa = PBXFileReference; lastKnownFileType = sourcecode.swift; path = SpacerView.swift; sourceTree = "<group>"; };
		017E02842821CDC100BD2A82 /* ProfileImageView.swift */ = {isa = PBXFileReference; lastKnownFileType = sourcecode.swift; path = ProfileImageView.swift; sourceTree = "<group>"; };
		017E02862821EDDA00BD2A82 /* MenuItemCell.swift */ = {isa = PBXFileReference; lastKnownFileType = sourcecode.swift; path = MenuItemCell.swift; sourceTree = "<group>"; };
		018562F9281DA4690073F814 /* ChatViewController.swift */ = {isa = PBXFileReference; lastKnownFileType = sourcecode.swift; path = ChatViewController.swift; sourceTree = "<group>"; };
		018562FC281DA98A0073F814 /* MainMenuTableViewController.swift */ = {isa = PBXFileReference; lastKnownFileType = sourcecode.swift; path = MainMenuTableViewController.swift; sourceTree = "<group>"; };
		01928A90281A073E005572E5 /* TokenService.swift */ = {isa = PBXFileReference; lastKnownFileType = sourcecode.swift; path = TokenService.swift; sourceTree = "<group>"; };
		01B4D6DF2820963400843C25 /* MenuController.swift */ = {isa = PBXFileReference; lastKnownFileType = sourcecode.swift; path = MenuController.swift; sourceTree = "<group>"; };
		01B96A62280F81AC0054985D /* SearchResults.swift */ = {isa = PBXFileReference; lastKnownFileType = sourcecode.swift; path = SearchResults.swift; sourceTree = "<group>"; };
		01B96A64280F93660054985D /* APIService.swift */ = {isa = PBXFileReference; lastKnownFileType = sourcecode.swift; path = APIService.swift; sourceTree = "<group>"; };
		01B96A66280F9BC40054985D /* PodcastCell.xib */ = {isa = PBXFileReference; lastKnownFileType = file.xib; path = PodcastCell.xib; sourceTree = "<group>"; };
		01B96A68280F9E560054985D /* PodcastCell.swift */ = {isa = PBXFileReference; lastKnownFileType = sourcecode.swift; path = PodcastCell.swift; sourceTree = "<group>"; };
		01C787E227F2FDCA00225B50 /* Vox.app */ = {isa = PBXFileReference; explicitFileType = wrapper.application; includeInIndex = 0; path = Vox.app; sourceTree = BUILT_PRODUCTS_DIR; };
		01C787E527F2FDCA00225B50 /* AppDelegate.swift */ = {isa = PBXFileReference; lastKnownFileType = sourcecode.swift; path = AppDelegate.swift; sourceTree = "<group>"; };
		01C787E727F2FDCA00225B50 /* SceneDelegate.swift */ = {isa = PBXFileReference; lastKnownFileType = sourcecode.swift; path = SceneDelegate.swift; sourceTree = "<group>"; };
		01C787E927F2FDCA00225B50 /* ViewController.swift */ = {isa = PBXFileReference; lastKnownFileType = sourcecode.swift; path = ViewController.swift; sourceTree = "<group>"; };
		01C787EC27F2FDCA00225B50 /* Base */ = {isa = PBXFileReference; lastKnownFileType = file.storyboard; name = Base; path = Base.lproj/Main.storyboard; sourceTree = "<group>"; };
		01C787EF27F2FDCA00225B50 /* Vox.xcdatamodel */ = {isa = PBXFileReference; lastKnownFileType = wrapper.xcdatamodel; path = Vox.xcdatamodel; sourceTree = "<group>"; };
		01C787F127F2FDCA00225B50 /* Assets.xcassets */ = {isa = PBXFileReference; lastKnownFileType = folder.assetcatalog; path = Assets.xcassets; sourceTree = "<group>"; };
		01C787F427F2FDCA00225B50 /* Base */ = {isa = PBXFileReference; lastKnownFileType = file.storyboard; name = Base; path = Base.lproj/LaunchScreen.storyboard; sourceTree = "<group>"; };
		01C787F627F2FDCA00225B50 /* Info.plist */ = {isa = PBXFileReference; lastKnownFileType = text.plist.xml; path = Info.plist; sourceTree = "<group>"; };
		01C787FB27F2FDCA00225B50 /* VoxTests.xctest */ = {isa = PBXFileReference; explicitFileType = wrapper.cfbundle; includeInIndex = 0; path = VoxTests.xctest; sourceTree = BUILT_PRODUCTS_DIR; };
		01C787FF27F2FDCA00225B50 /* VoxTests.swift */ = {isa = PBXFileReference; lastKnownFileType = sourcecode.swift; path = VoxTests.swift; sourceTree = "<group>"; };
		01C7880527F2FDCA00225B50 /* VoxUITests.xctest */ = {isa = PBXFileReference; explicitFileType = wrapper.cfbundle; includeInIndex = 0; path = VoxUITests.xctest; sourceTree = BUILT_PRODUCTS_DIR; };
		01C7880927F2FDCA00225B50 /* VoxUITests.swift */ = {isa = PBXFileReference; lastKnownFileType = sourcecode.swift; path = VoxUITests.swift; sourceTree = "<group>"; };
		01C7880B27F2FDCA00225B50 /* VoxUITestsLaunchTests.swift */ = {isa = PBXFileReference; lastKnownFileType = sourcecode.swift; path = VoxUITestsLaunchTests.swift; sourceTree = "<group>"; };
		01C7E823281452CC001C828E /* PlayerDetailsView.xib */ = {isa = PBXFileReference; lastKnownFileType = file.xib; path = PlayerDetailsView.xib; sourceTree = "<group>"; };
		01C7E82528145558001C828E /* PlayerDetailsView.swift */ = {isa = PBXFileReference; lastKnownFileType = sourcecode.swift; path = PlayerDetailsView.swift; sourceTree = "<group>"; };
		01D7A38528138D1700D7DF71 /* EpisodeControllerTableViewController.swift */ = {isa = PBXFileReference; lastKnownFileType = sourcecode.swift; path = EpisodeControllerTableViewController.swift; sourceTree = "<group>"; };
		01D8B6892817D5200029CA43 /* FavoritePodcastCell.swift */ = {isa = PBXFileReference; fileEncoding = 4; lastKnownFileType = sourcecode.swift; path = FavoritePodcastCell.swift; sourceTree = "<group>"; };
		01D8B68B2817D5890029CA43 /* FavoritesController.swift */ = {isa = PBXFileReference; lastKnownFileType = sourcecode.swift; path = FavoritesController.swift; sourceTree = "<group>"; };
		01D8B68D2817D5D50029CA43 /* UserDefault.swift */ = {isa = PBXFileReference; lastKnownFileType = sourcecode.swift; path = UserDefault.swift; sourceTree = "<group>"; };
		01F15D1A2808E3AB001A10C6 /* MainTabBarViewController.swift */ = {isa = PBXFileReference; lastKnownFileType = sourcecode.swift; path = MainTabBarViewController.swift; sourceTree = "<group>"; };
		01F15D1C2808E502001A10C6 /* PodcastViewController.swift */ = {isa = PBXFileReference; lastKnownFileType = sourcecode.swift; path = PodcastViewController.swift; sourceTree = "<group>"; };
		01F15D1E2808FD13001A10C6 /* PodcastSearchController.swift */ = {isa = PBXFileReference; lastKnownFileType = sourcecode.swift; path = PodcastSearchController.swift; sourceTree = "<group>"; };
		01F15D202808FDA1001A10C6 /* Podcast.swift */ = {isa = PBXFileReference; lastKnownFileType = sourcecode.swift; path = Podcast.swift; sourceTree = "<group>"; };
		0765961A316336F4BFF67362 /* Pods-VoxTests.debug.xcconfig */ = {isa = PBXFileReference; includeInIndex = 1; lastKnownFileType = text.xcconfig; name = "Pods-VoxTests.debug.xcconfig"; path = "Target Support Files/Pods-VoxTests/Pods-VoxTests.debug.xcconfig"; sourceTree = "<group>"; };
		439B925A1AAAFCD7158AB462 /* Pods-VoxTests.release.xcconfig */ = {isa = PBXFileReference; includeInIndex = 1; lastKnownFileType = text.xcconfig; name = "Pods-VoxTests.release.xcconfig"; path = "Target Support Files/Pods-VoxTests/Pods-VoxTests.release.xcconfig"; sourceTree = "<group>"; };
		503C2B50F4E05E09F3353D1B /* Pods-Vox-VoxUITests.debug.xcconfig */ = {isa = PBXFileReference; includeInIndex = 1; lastKnownFileType = text.xcconfig; name = "Pods-Vox-VoxUITests.debug.xcconfig"; path = "Target Support Files/Pods-Vox-VoxUITests/Pods-Vox-VoxUITests.debug.xcconfig"; sourceTree = "<group>"; };
		51EB93AB2465C66487FF5D58 /* Pods-Vox.debug.xcconfig */ = {isa = PBXFileReference; includeInIndex = 1; lastKnownFileType = text.xcconfig; name = "Pods-Vox.debug.xcconfig"; path = "Target Support Files/Pods-Vox/Pods-Vox.debug.xcconfig"; sourceTree = "<group>"; };
		5BDBD4BE2077D706007F593F /* Pods-Vox-VoxUITests.release.xcconfig */ = {isa = PBXFileReference; includeInIndex = 1; lastKnownFileType = text.xcconfig; name = "Pods-Vox-VoxUITests.release.xcconfig"; path = "Target Support Files/Pods-Vox-VoxUITests/Pods-Vox-VoxUITests.release.xcconfig"; sourceTree = "<group>"; };
		692022CA461C66EEED952617 /* Pods_Vox_VoxUITests.framework */ = {isa = PBXFileReference; explicitFileType = wrapper.framework; includeInIndex = 0; path = Pods_Vox_VoxUITests.framework; sourceTree = BUILT_PRODUCTS_DIR; };
		A677D562C5F05724318D6E9D /* Pods_VoxTests.framework */ = {isa = PBXFileReference; explicitFileType = wrapper.framework; includeInIndex = 0; path = Pods_VoxTests.framework; sourceTree = BUILT_PRODUCTS_DIR; };
		B90CB95122C095C47C9BA1D7 /* Pods_Vox.framework */ = {isa = PBXFileReference; explicitFileType = wrapper.framework; includeInIndex = 0; path = Pods_Vox.framework; sourceTree = BUILT_PRODUCTS_DIR; };
		E29B5A0DF324EC94CFDA83F8 /* Pods-Vox.release.xcconfig */ = {isa = PBXFileReference; includeInIndex = 1; lastKnownFileType = text.xcconfig; name = "Pods-Vox.release.xcconfig"; path = "Target Support Files/Pods-Vox/Pods-Vox.release.xcconfig"; sourceTree = "<group>"; };
/* End PBXFileReference section */

/* Begin PBXFrameworksBuildPhase section */
		01C787DF27F2FDCA00225B50 /* Frameworks */ = {
			isa = PBXFrameworksBuildPhase;
			buildActionMask = 2147483647;
			files = (
				A9F891EA50772897968C4FCA /* Pods_Vox.framework in Frameworks */,
			);
			runOnlyForDeploymentPostprocessing = 0;
		};
		01C787F827F2FDCA00225B50 /* Frameworks */ = {
			isa = PBXFrameworksBuildPhase;
			buildActionMask = 2147483647;
			files = (
				71B9767F85870F9C9BB5F9BF /* Pods_VoxTests.framework in Frameworks */,
			);
			runOnlyForDeploymentPostprocessing = 0;
		};
		01C7880227F2FDCA00225B50 /* Frameworks */ = {
			isa = PBXFrameworksBuildPhase;
			buildActionMask = 2147483647;
			files = (
				EC87D49197542C27EF9ED78A /* Pods_Vox_VoxUITests.framework in Frameworks */,
			);
			runOnlyForDeploymentPostprocessing = 0;
		};
/* End PBXFrameworksBuildPhase section */

/* Begin PBXGroup section */
		014E43C0280E164D00865ECA /* Utility */ = {
			isa = PBXGroup;
			children = (
				014E43C1280E165C00865ECA /* Extension.swift */,
				015333252813B17E00BF2C97 /* RSSFeed.swift */,
				0174C6C5281771BC007CF424 /* UIApplication.swift */,
				01D8B68D2817D5D50029CA43 /* UserDefault.swift */,
				013EC7ED28197E4400E9A028 /* Constants.swift */,
				017E02822821CAF500BD2A82 /* SpacerView.swift */,
				017E02842821CDC100BD2A82 /* ProfileImageView.swift */,
			);
			path = Utility;
			sourceTree = "<group>";
		};
		01664C2A2805194300B796D4 /* Welcome */ = {
			isa = PBXGroup;
			children = (
				0136FD3027FE755300D7DDFC /* WelcomeViewController.swift */,
			);
			path = Welcome;
			sourceTree = "<group>";
		};
		01664C2B2805195800B796D4 /* Networking */ = {
			isa = PBXGroup;
			children = (
				01B96A64280F93660054985D /* APIService.swift */,
				01928A90281A073E005572E5 /* TokenService.swift */,
			);
			path = Networking;
			sourceTree = "<group>";
		};
		016A95DF2804FB3800373F36 /* Models */ = {
			isa = PBXGroup;
			children = (
				01B96A60280F816F0054985D /* Podcast */,
				01B96A5F280F81630054985D /* User */,
			);
			path = Models;
			sourceTree = "<group>";
		};
		016A95E02804FB4B00373F36 /* Resources */ = {
			isa = PBXGroup;
			children = (
			);
			path = Resources;
			sourceTree = "<group>";
		};
		016A95E12804FB5600373F36 /* ViewModels */ = {
			isa = PBXGroup;
			children = (
			);
			path = ViewModels;
			sourceTree = "<group>";
		};
		016A95E2280509C600373F36 /* Controllers */ = {
			isa = PBXGroup;
			children = (
				018562FB281DA9650073F814 /* Main Menu Slider */,
				018562F8281DA3F10073F814 /* Chat */,
				01F15D192808E37F001A10C6 /* Podcast */,
				01664C2A2805194300B796D4 /* Welcome */,
				016A95F42805128700373F36 /* Sign Up */,
				016A95F32805127C00373F36 /* Onboarding */,
				016A95F22805127000373F36 /* Sign In */,
				016A95F12805126500373F36 /* Home */,
				016A95F02805125500373F36 /* Profile */,
			);
			path = Controllers;
			sourceTree = "<group>";
		};
		016A95E3280509D400373F36 /* Views */ = {
			isa = PBXGroup;
			children = (
				01D8B6892817D5200029CA43 /* FavoritePodcastCell.swift */,
				01B96A66280F9BC40054985D /* PodcastCell.xib */,
				01B96A68280F9E560054985D /* PodcastCell.swift */,
				015333212813A52100BF2C97 /* EpisodeCell.swift */,
				015333222813A52100BF2C97 /* EpisodeCell.xib */,
				01C7E823281452CC001C828E /* PlayerDetailsView.xib */,
				01C7E82528145558001C828E /* PlayerDetailsView.swift */,
				017E02802821B5F400BD2A82 /* CustomHeaderMenu.swift */,
				017E02862821EDDA00BD2A82 /* MenuItemCell.swift */,
			);
			path = Views;
			sourceTree = "<group>";
		};
		016A95F02805125500373F36 /* Profile */ = {
			isa = PBXGroup;
			children = (
				016A95EC280511F900373F36 /* ProfileViewController.swift */,
			);
			path = Profile;
			sourceTree = "<group>";
		};
		016A95F12805126500373F36 /* Home */ = {
			isa = PBXGroup;
			children = (
				016A95EA280510D600373F36 /* HomeViewController.swift */,
			);
			path = Home;
			sourceTree = "<group>";
		};
		016A95F22805127000373F36 /* Sign In */ = {
			isa = PBXGroup;
			children = (
				016A95E8280510B900373F36 /* SignInViewController.swift */,
			);
			path = "Sign In";
			sourceTree = "<group>";
		};
		016A95F32805127C00373F36 /* Onboarding */ = {
			isa = PBXGroup;
			children = (
				016A95FB2805130200373F36 /* FirstOnboardViewController.swift */,
				016A95FD2805131700373F36 /* SecondOnboardViewController.swift */,
				016A95FF2805132000373F36 /* LastOnboardViewController.swift */,
			);
			path = Onboarding;
			sourceTree = "<group>";
		};
		016A95F42805128700373F36 /* Sign Up */ = {
			isa = PBXGroup;
			children = (
				016A95F9280512E900373F36 /* SignUpCompletionViewController.swift */,
				016A95F7280512CB00373F36 /* SecondOTPViewController.swift */,
				016A95EE2805122B00373F36 /* SignUpViewController.swift */,
				016A95F5280512A700373F36 /* FristOTPViewController.swift */,
			);
			path = "Sign Up";
			sourceTree = "<group>";
		};
		018562F8281DA3F10073F814 /* Chat */ = {
			isa = PBXGroup;
			children = (
				018562F9281DA4690073F814 /* ChatViewController.swift */,
			);
			path = Chat;
			sourceTree = "<group>";
		};
		018562FB281DA9650073F814 /* Main Menu Slider */ = {
			isa = PBXGroup;
			children = (
				018562FC281DA98A0073F814 /* MainMenuTableViewController.swift */,
				01B4D6DF2820963400843C25 /* MenuController.swift */,
				017E027E2821A04E00BD2A82 /* BaseSlidingController.swift */,
			);
			path = "Main Menu Slider";
			sourceTree = "<group>";
		};
		01B96A5F280F81630054985D /* User */ = {
			isa = PBXGroup;
			children = (
				016A95E428050C3200373F36 /* UserProfile.swift */,
				016A95E628050E1500373F36 /* NewAccount.swift */,
			);
			path = User;
			sourceTree = "<group>";
		};
		01B96A60280F816F0054985D /* Podcast */ = {
			isa = PBXGroup;
			children = (
				01F15D202808FDA1001A10C6 /* Podcast.swift */,
				01B96A62280F81AC0054985D /* SearchResults.swift */,
				0153331F2813998100BF2C97 /* Episode.swift */,
			);
			path = Podcast;
			sourceTree = "<group>";
		};
		01C787D927F2FDC900225B50 = {
			isa = PBXGroup;
			children = (
				01C787E427F2FDCA00225B50 /* Vox */,
				01C787FE27F2FDCA00225B50 /* VoxTests */,
				01C7880827F2FDCA00225B50 /* VoxUITests */,
				01C787E327F2FDCA00225B50 /* Products */,
				55BA0150DB3CF5116A2A0B41 /* Pods */,
				5FEDC6EF89B6749252C0D8A2 /* Frameworks */,
			);
			sourceTree = "<group>";
		};
		01C787E327F2FDCA00225B50 /* Products */ = {
			isa = PBXGroup;
			children = (
				01C787E227F2FDCA00225B50 /* Vox.app */,
				01C787FB27F2FDCA00225B50 /* VoxTests.xctest */,
				01C7880527F2FDCA00225B50 /* VoxUITests.xctest */,
			);
			name = Products;
			sourceTree = "<group>";
		};
		01C787E427F2FDCA00225B50 /* Vox */ = {
			isa = PBXGroup;
			children = (
				014E43C0280E164D00865ECA /* Utility */,
				01664C2B2805195800B796D4 /* Networking */,
				016A95E3280509D400373F36 /* Views */,
				016A95E2280509C600373F36 /* Controllers */,
				016A95E12804FB5600373F36 /* ViewModels */,
				016A95E02804FB4B00373F36 /* Resources */,
				016A95DF2804FB3800373F36 /* Models */,
				01C787E527F2FDCA00225B50 /* AppDelegate.swift */,
				01C787E727F2FDCA00225B50 /* SceneDelegate.swift */,
				01C787E927F2FDCA00225B50 /* ViewController.swift */,
				01C787EB27F2FDCA00225B50 /* Main.storyboard */,
				01C787F127F2FDCA00225B50 /* Assets.xcassets */,
				01C787F327F2FDCA00225B50 /* LaunchScreen.storyboard */,
				01C787F627F2FDCA00225B50 /* Info.plist */,
				01C787EE27F2FDCA00225B50 /* Vox.xcdatamodeld */,
				014E43BE280E071500865ECA /* GoogleService-Info.plist */,
			);
			path = Vox;
			sourceTree = "<group>";
		};
		01C787FE27F2FDCA00225B50 /* VoxTests */ = {
			isa = PBXGroup;
			children = (
				01C787FF27F2FDCA00225B50 /* VoxTests.swift */,
			);
			path = VoxTests;
			sourceTree = "<group>";
		};
		01C7880827F2FDCA00225B50 /* VoxUITests */ = {
			isa = PBXGroup;
			children = (
				01C7880927F2FDCA00225B50 /* VoxUITests.swift */,
				01C7880B27F2FDCA00225B50 /* VoxUITestsLaunchTests.swift */,
			);
			path = VoxUITests;
			sourceTree = "<group>";
		};
		01F15D192808E37F001A10C6 /* Podcast */ = {
			isa = PBXGroup;
			children = (
				01F15D1A2808E3AB001A10C6 /* MainTabBarViewController.swift */,
				01F15D1C2808E502001A10C6 /* PodcastViewController.swift */,
				01F15D1E2808FD13001A10C6 /* PodcastSearchController.swift */,
				01D7A38528138D1700D7DF71 /* EpisodeControllerTableViewController.swift */,
				01D8B68B2817D5890029CA43 /* FavoritesController.swift */,
			);
			path = Podcast;
			sourceTree = "<group>";
		};
		55BA0150DB3CF5116A2A0B41 /* Pods */ = {
			isa = PBXGroup;
			children = (
				51EB93AB2465C66487FF5D58 /* Pods-Vox.debug.xcconfig */,
				E29B5A0DF324EC94CFDA83F8 /* Pods-Vox.release.xcconfig */,
				503C2B50F4E05E09F3353D1B /* Pods-Vox-VoxUITests.debug.xcconfig */,
				5BDBD4BE2077D706007F593F /* Pods-Vox-VoxUITests.release.xcconfig */,
				0765961A316336F4BFF67362 /* Pods-VoxTests.debug.xcconfig */,
				439B925A1AAAFCD7158AB462 /* Pods-VoxTests.release.xcconfig */,
			);
			path = Pods;
			sourceTree = "<group>";
		};
		5FEDC6EF89B6749252C0D8A2 /* Frameworks */ = {
			isa = PBXGroup;
			children = (
				B90CB95122C095C47C9BA1D7 /* Pods_Vox.framework */,
				692022CA461C66EEED952617 /* Pods_Vox_VoxUITests.framework */,
				A677D562C5F05724318D6E9D /* Pods_VoxTests.framework */,
			);
			name = Frameworks;
			sourceTree = "<group>";
		};
/* End PBXGroup section */

/* Begin PBXNativeTarget section */
		01C787E127F2FDCA00225B50 /* Vox */ = {
			isa = PBXNativeTarget;
			buildConfigurationList = 01C7880F27F2FDCA00225B50 /* Build configuration list for PBXNativeTarget "Vox" */;
			buildPhases = (
				B94CD11B2603D18875926A9A /* [CP] Check Pods Manifest.lock */,
				01C787DE27F2FDCA00225B50 /* Sources */,
				01C787DF27F2FDCA00225B50 /* Frameworks */,
				01C787E027F2FDCA00225B50 /* Resources */,
				6709FB94EEBF07A3A96DA64C /* [CP] Embed Pods Frameworks */,
			);
			buildRules = (
			);
			dependencies = (
			);
			name = Vox;
			productName = Vox;
			productReference = 01C787E227F2FDCA00225B50 /* Vox.app */;
			productType = "com.apple.product-type.application";
		};
		01C787FA27F2FDCA00225B50 /* VoxTests */ = {
			isa = PBXNativeTarget;
			buildConfigurationList = 01C7881227F2FDCA00225B50 /* Build configuration list for PBXNativeTarget "VoxTests" */;
			buildPhases = (
				730C177B5272CB0D4299BD44 /* [CP] Check Pods Manifest.lock */,
				01C787F727F2FDCA00225B50 /* Sources */,
				01C787F827F2FDCA00225B50 /* Frameworks */,
				01C787F927F2FDCA00225B50 /* Resources */,
			);
			buildRules = (
			);
			dependencies = (
				01C787FD27F2FDCA00225B50 /* PBXTargetDependency */,
			);
			name = VoxTests;
			productName = VoxTests;
			productReference = 01C787FB27F2FDCA00225B50 /* VoxTests.xctest */;
			productType = "com.apple.product-type.bundle.unit-test";
		};
		01C7880427F2FDCA00225B50 /* VoxUITests */ = {
			isa = PBXNativeTarget;
			buildConfigurationList = 01C7881527F2FDCA00225B50 /* Build configuration list for PBXNativeTarget "VoxUITests" */;
			buildPhases = (
				368470300B6FA85C4F58EB2D /* [CP] Check Pods Manifest.lock */,
				01C7880127F2FDCA00225B50 /* Sources */,
				01C7880227F2FDCA00225B50 /* Frameworks */,
				01C7880327F2FDCA00225B50 /* Resources */,
				6F536390F15C161C4E098976 /* [CP] Embed Pods Frameworks */,
			);
			buildRules = (
			);
			dependencies = (
				01C7880727F2FDCA00225B50 /* PBXTargetDependency */,
			);
			name = VoxUITests;
			productName = VoxUITests;
			productReference = 01C7880527F2FDCA00225B50 /* VoxUITests.xctest */;
			productType = "com.apple.product-type.bundle.ui-testing";
		};
/* End PBXNativeTarget section */

/* Begin PBXProject section */
		01C787DA27F2FDC900225B50 /* Project object */ = {
			isa = PBXProject;
			attributes = {
				BuildIndependentTargetsInParallel = 1;
				LastSwiftUpdateCheck = 1320;
				LastUpgradeCheck = 1320;
				TargetAttributes = {
					01C787E127F2FDCA00225B50 = {
						CreatedOnToolsVersion = 13.2.1;
					};
					01C787FA27F2FDCA00225B50 = {
						CreatedOnToolsVersion = 13.2.1;
						TestTargetID = 01C787E127F2FDCA00225B50;
					};
					01C7880427F2FDCA00225B50 = {
						CreatedOnToolsVersion = 13.2.1;
						TestTargetID = 01C787E127F2FDCA00225B50;
					};
				};
			};
			buildConfigurationList = 01C787DD27F2FDC900225B50 /* Build configuration list for PBXProject "Vox" */;
			compatibilityVersion = "Xcode 13.0";
			developmentRegion = en;
			hasScannedForEncodings = 0;
			knownRegions = (
				en,
				Base,
			);
			mainGroup = 01C787D927F2FDC900225B50;
			productRefGroup = 01C787E327F2FDCA00225B50 /* Products */;
			projectDirPath = "";
			projectRoot = "";
			targets = (
				01C787E127F2FDCA00225B50 /* Vox */,
				01C787FA27F2FDCA00225B50 /* VoxTests */,
				01C7880427F2FDCA00225B50 /* VoxUITests */,
			);
		};
/* End PBXProject section */

/* Begin PBXResourcesBuildPhase section */
		01C787E027F2FDCA00225B50 /* Resources */ = {
			isa = PBXResourcesBuildPhase;
			buildActionMask = 2147483647;
			files = (
				01C787F527F2FDCA00225B50 /* LaunchScreen.storyboard in Resources */,
				014E43BF280E071500865ECA /* GoogleService-Info.plist in Resources */,
				01C787F227F2FDCA00225B50 /* Assets.xcassets in Resources */,
				01C787ED27F2FDCA00225B50 /* Main.storyboard in Resources */,
				01B96A67280F9BC40054985D /* PodcastCell.xib in Resources */,
				01C7E824281452CC001C828E /* PlayerDetailsView.xib in Resources */,
				015333242813A52100BF2C97 /* EpisodeCell.xib in Resources */,
			);
			runOnlyForDeploymentPostprocessing = 0;
		};
		01C787F927F2FDCA00225B50 /* Resources */ = {
			isa = PBXResourcesBuildPhase;
			buildActionMask = 2147483647;
			files = (
			);
			runOnlyForDeploymentPostprocessing = 0;
		};
		01C7880327F2FDCA00225B50 /* Resources */ = {
			isa = PBXResourcesBuildPhase;
			buildActionMask = 2147483647;
			files = (
			);
			runOnlyForDeploymentPostprocessing = 0;
		};
/* End PBXResourcesBuildPhase section */

/* Begin PBXShellScriptBuildPhase section */
		368470300B6FA85C4F58EB2D /* [CP] Check Pods Manifest.lock */ = {
			isa = PBXShellScriptBuildPhase;
			buildActionMask = 2147483647;
			files = (
			);
			inputFileListPaths = (
			);
			inputPaths = (
				"${PODS_PODFILE_DIR_PATH}/Podfile.lock",
				"${PODS_ROOT}/Manifest.lock",
			);
			name = "[CP] Check Pods Manifest.lock";
			outputFileListPaths = (
			);
			outputPaths = (
				"$(DERIVED_FILE_DIR)/Pods-Vox-VoxUITests-checkManifestLockResult.txt",
			);
			runOnlyForDeploymentPostprocessing = 0;
			shellPath = /bin/sh;
			shellScript = "diff \"${PODS_PODFILE_DIR_PATH}/Podfile.lock\" \"${PODS_ROOT}/Manifest.lock\" > /dev/null\nif [ $? != 0 ] ; then\n    # print error to STDERR\n    echo \"error: The sandbox is not in sync with the Podfile.lock. Run 'pod install' or update your CocoaPods installation.\" >&2\n    exit 1\nfi\n# This output is used by Xcode 'outputs' to avoid re-running this script phase.\necho \"SUCCESS\" > \"${SCRIPT_OUTPUT_FILE_0}\"\n";
			showEnvVarsInLog = 0;
		};
		6709FB94EEBF07A3A96DA64C /* [CP] Embed Pods Frameworks */ = {
			isa = PBXShellScriptBuildPhase;
			buildActionMask = 2147483647;
			files = (
			);
			inputFileListPaths = (
				"${PODS_ROOT}/Target Support Files/Pods-Vox/Pods-Vox-frameworks-${CONFIGURATION}-input-files.xcfilelist",
			);
			name = "[CP] Embed Pods Frameworks";
			outputFileListPaths = (
				"${PODS_ROOT}/Target Support Files/Pods-Vox/Pods-Vox-frameworks-${CONFIGURATION}-output-files.xcfilelist",
			);
			runOnlyForDeploymentPostprocessing = 0;
			shellPath = /bin/sh;
			shellScript = "\"${PODS_ROOT}/Target Support Files/Pods-Vox/Pods-Vox-frameworks.sh\"\n";
			showEnvVarsInLog = 0;
		};
		6F536390F15C161C4E098976 /* [CP] Embed Pods Frameworks */ = {
			isa = PBXShellScriptBuildPhase;
			buildActionMask = 2147483647;
			files = (
			);
			inputFileListPaths = (
				"${PODS_ROOT}/Target Support Files/Pods-Vox-VoxUITests/Pods-Vox-VoxUITests-frameworks-${CONFIGURATION}-input-files.xcfilelist",
			);
			name = "[CP] Embed Pods Frameworks";
			outputFileListPaths = (
				"${PODS_ROOT}/Target Support Files/Pods-Vox-VoxUITests/Pods-Vox-VoxUITests-frameworks-${CONFIGURATION}-output-files.xcfilelist",
			);
			runOnlyForDeploymentPostprocessing = 0;
			shellPath = /bin/sh;
			shellScript = "\"${PODS_ROOT}/Target Support Files/Pods-Vox-VoxUITests/Pods-Vox-VoxUITests-frameworks.sh\"\n";
			showEnvVarsInLog = 0;
		};
		730C177B5272CB0D4299BD44 /* [CP] Check Pods Manifest.lock */ = {
			isa = PBXShellScriptBuildPhase;
			buildActionMask = 2147483647;
			files = (
			);
			inputFileListPaths = (
			);
			inputPaths = (
				"${PODS_PODFILE_DIR_PATH}/Podfile.lock",
				"${PODS_ROOT}/Manifest.lock",
			);
			name = "[CP] Check Pods Manifest.lock";
			outputFileListPaths = (
			);
			outputPaths = (
				"$(DERIVED_FILE_DIR)/Pods-VoxTests-checkManifestLockResult.txt",
			);
			runOnlyForDeploymentPostprocessing = 0;
			shellPath = /bin/sh;
			shellScript = "diff \"${PODS_PODFILE_DIR_PATH}/Podfile.lock\" \"${PODS_ROOT}/Manifest.lock\" > /dev/null\nif [ $? != 0 ] ; then\n    # print error to STDERR\n    echo \"error: The sandbox is not in sync with the Podfile.lock. Run 'pod install' or update your CocoaPods installation.\" >&2\n    exit 1\nfi\n# This output is used by Xcode 'outputs' to avoid re-running this script phase.\necho \"SUCCESS\" > \"${SCRIPT_OUTPUT_FILE_0}\"\n";
			showEnvVarsInLog = 0;
		};
		B94CD11B2603D18875926A9A /* [CP] Check Pods Manifest.lock */ = {
			isa = PBXShellScriptBuildPhase;
			buildActionMask = 2147483647;
			files = (
			);
			inputFileListPaths = (
			);
			inputPaths = (
				"${PODS_PODFILE_DIR_PATH}/Podfile.lock",
				"${PODS_ROOT}/Manifest.lock",
			);
			name = "[CP] Check Pods Manifest.lock";
			outputFileListPaths = (
			);
			outputPaths = (
				"$(DERIVED_FILE_DIR)/Pods-Vox-checkManifestLockResult.txt",
			);
			runOnlyForDeploymentPostprocessing = 0;
			shellPath = /bin/sh;
			shellScript = "diff \"${PODS_PODFILE_DIR_PATH}/Podfile.lock\" \"${PODS_ROOT}/Manifest.lock\" > /dev/null\nif [ $? != 0 ] ; then\n    # print error to STDERR\n    echo \"error: The sandbox is not in sync with the Podfile.lock. Run 'pod install' or update your CocoaPods installation.\" >&2\n    exit 1\nfi\n# This output is used by Xcode 'outputs' to avoid re-running this script phase.\necho \"SUCCESS\" > \"${SCRIPT_OUTPUT_FILE_0}\"\n";
			showEnvVarsInLog = 0;
		};
/* End PBXShellScriptBuildPhase section */

/* Begin PBXSourcesBuildPhase section */
		01C787DE27F2FDCA00225B50 /* Sources */ = {
			isa = PBXSourcesBuildPhase;
			buildActionMask = 2147483647;
			files = (
				01C7E82628145558001C828E /* PlayerDetailsView.swift in Sources */,
				01F15D1F2808FD13001A10C6 /* PodcastSearchController.swift in Sources */,
				01D8B68A2817D5200029CA43 /* FavoritePodcastCell.swift in Sources */,
				016A95EF2805122B00373F36 /* SignUpViewController.swift in Sources */,
				01B96A69280F9E560054985D /* PodcastCell.swift in Sources */,
				016A95F6280512A700373F36 /* FristOTPViewController.swift in Sources */,
				01C787EA27F2FDCA00225B50 /* ViewController.swift in Sources */,
				01F15D1B2808E3AB001A10C6 /* MainTabBarViewController.swift in Sources */,
				0136FD3127FE755300D7DDFC /* WelcomeViewController.swift in Sources */,
				016A95FE2805131700373F36 /* SecondOnboardViewController.swift in Sources */,
				0174C6C6281771BC007CF424 /* UIApplication.swift in Sources */,
				016A95ED280511F900373F36 /* ProfileViewController.swift in Sources */,
				01D8B68E2817D5D50029CA43 /* UserDefault.swift in Sources */,
				017E02872821EDDA00BD2A82 /* MenuItemCell.swift in Sources */,
				017E02852821CDC100BD2A82 /* ProfileImageView.swift in Sources */,
				01F15D212808FDA1001A10C6 /* Podcast.swift in Sources */,
				017E02832821CAF500BD2A82 /* SpacerView.swift in Sources */,
				016A95F8280512CB00373F36 /* SecondOTPViewController.swift in Sources */,
				01B96A63280F81AC0054985D /* SearchResults.swift in Sources */,
				01F15D1D2808E502001A10C6 /* PodcastViewController.swift in Sources */,
				016A95E528050C3200373F36 /* UserProfile.swift in Sources */,
				01C787F027F2FDCA00225B50 /* Vox.xcdatamodeld in Sources */,
				016A95E9280510B900373F36 /* SignInViewController.swift in Sources */,
				015333202813998100BF2C97 /* Episode.swift in Sources */,
				017E02812821B5F400BD2A82 /* CustomHeaderMenu.swift in Sources */,
				016A95FC2805130200373F36 /* FirstOnboardViewController.swift in Sources */,
				01D7A38628138D1700D7DF71 /* EpisodeControllerTableViewController.swift in Sources */,
				014E43C2280E165C00865ECA /* Extension.swift in Sources */,
				016A95EB280510D600373F36 /* HomeViewController.swift in Sources */,
				013EC7EE28197E4400E9A028 /* Constants.swift in Sources */,
				016A95FA280512E900373F36 /* SignUpCompletionViewController.swift in Sources */,
				01928A91281A073E005572E5 /* TokenService.swift in Sources */,
				016A95E728050E1500373F36 /* NewAccount.swift in Sources */,
				015333262813B17E00BF2C97 /* RSSFeed.swift in Sources */,
				016A96002805132000373F36 /* LastOnboardViewController.swift in Sources */,
				01C787E627F2FDCA00225B50 /* AppDelegate.swift in Sources */,
				015333232813A52100BF2C97 /* EpisodeCell.swift in Sources */,
				018562FA281DA4690073F814 /* ChatViewController.swift in Sources */,
				01B96A65280F93660054985D /* APIService.swift in Sources */,
				01C787E827F2FDCA00225B50 /* SceneDelegate.swift in Sources */,
				01D8B68C2817D5890029CA43 /* FavoritesController.swift in Sources */,
				01B4D6E02820963400843C25 /* MenuController.swift in Sources */,
				018562FD281DA98A0073F814 /* MainMenuTableViewController.swift in Sources */,
				017E027F2821A04E00BD2A82 /* BaseSlidingController.swift in Sources */,
			);
			runOnlyForDeploymentPostprocessing = 0;
		};
		01C787F727F2FDCA00225B50 /* Sources */ = {
			isa = PBXSourcesBuildPhase;
			buildActionMask = 2147483647;
			files = (
				01C7880027F2FDCA00225B50 /* VoxTests.swift in Sources */,
			);
			runOnlyForDeploymentPostprocessing = 0;
		};
		01C7880127F2FDCA00225B50 /* Sources */ = {
			isa = PBXSourcesBuildPhase;
			buildActionMask = 2147483647;
			files = (
				01C7880C27F2FDCA00225B50 /* VoxUITestsLaunchTests.swift in Sources */,
				01C7880A27F2FDCA00225B50 /* VoxUITests.swift in Sources */,
			);
			runOnlyForDeploymentPostprocessing = 0;
		};
/* End PBXSourcesBuildPhase section */

/* Begin PBXTargetDependency section */
		01C787FD27F2FDCA00225B50 /* PBXTargetDependency */ = {
			isa = PBXTargetDependency;
			target = 01C787E127F2FDCA00225B50 /* Vox */;
			targetProxy = 01C787FC27F2FDCA00225B50 /* PBXContainerItemProxy */;
		};
		01C7880727F2FDCA00225B50 /* PBXTargetDependency */ = {
			isa = PBXTargetDependency;
			target = 01C787E127F2FDCA00225B50 /* Vox */;
			targetProxy = 01C7880627F2FDCA00225B50 /* PBXContainerItemProxy */;
		};
/* End PBXTargetDependency section */

/* Begin PBXVariantGroup section */
		01C787EB27F2FDCA00225B50 /* Main.storyboard */ = {
			isa = PBXVariantGroup;
			children = (
				01C787EC27F2FDCA00225B50 /* Base */,
			);
			name = Main.storyboard;
			sourceTree = "<group>";
		};
		01C787F327F2FDCA00225B50 /* LaunchScreen.storyboard */ = {
			isa = PBXVariantGroup;
			children = (
				01C787F427F2FDCA00225B50 /* Base */,
			);
			name = LaunchScreen.storyboard;
			sourceTree = "<group>";
		};
/* End PBXVariantGroup section */

/* Begin XCBuildConfiguration section */
		01C7880D27F2FDCA00225B50 /* Debug */ = {
			isa = XCBuildConfiguration;
			buildSettings = {
				ALWAYS_SEARCH_USER_PATHS = NO;
				CLANG_ANALYZER_NONNULL = YES;
				CLANG_ANALYZER_NUMBER_OBJECT_CONVERSION = YES_AGGRESSIVE;
				CLANG_CXX_LANGUAGE_STANDARD = "gnu++17";
				CLANG_CXX_LIBRARY = "libc++";
				CLANG_ENABLE_MODULES = YES;
				CLANG_ENABLE_OBJC_ARC = YES;
				CLANG_ENABLE_OBJC_WEAK = YES;
				CLANG_WARN_BLOCK_CAPTURE_AUTORELEASING = YES;
				CLANG_WARN_BOOL_CONVERSION = YES;
				CLANG_WARN_COMMA = YES;
				CLANG_WARN_CONSTANT_CONVERSION = YES;
				CLANG_WARN_DEPRECATED_OBJC_IMPLEMENTATIONS = YES;
				CLANG_WARN_DIRECT_OBJC_ISA_USAGE = YES_ERROR;
				CLANG_WARN_DOCUMENTATION_COMMENTS = YES;
				CLANG_WARN_EMPTY_BODY = YES;
				CLANG_WARN_ENUM_CONVERSION = YES;
				CLANG_WARN_INFINITE_RECURSION = YES;
				CLANG_WARN_INT_CONVERSION = YES;
				CLANG_WARN_NON_LITERAL_NULL_CONVERSION = YES;
				CLANG_WARN_OBJC_IMPLICIT_RETAIN_SELF = YES;
				CLANG_WARN_OBJC_LITERAL_CONVERSION = YES;
				CLANG_WARN_OBJC_ROOT_CLASS = YES_ERROR;
				CLANG_WARN_QUOTED_INCLUDE_IN_FRAMEWORK_HEADER = YES;
				CLANG_WARN_RANGE_LOOP_ANALYSIS = YES;
				CLANG_WARN_STRICT_PROTOTYPES = YES;
				CLANG_WARN_SUSPICIOUS_MOVE = YES;
				CLANG_WARN_UNGUARDED_AVAILABILITY = YES_AGGRESSIVE;
				CLANG_WARN_UNREACHABLE_CODE = YES;
				CLANG_WARN__DUPLICATE_METHOD_MATCH = YES;
				COPY_PHASE_STRIP = NO;
				DEBUG_INFORMATION_FORMAT = dwarf;
				ENABLE_STRICT_OBJC_MSGSEND = YES;
				ENABLE_TESTABILITY = YES;
				GCC_C_LANGUAGE_STANDARD = gnu11;
				GCC_DYNAMIC_NO_PIC = NO;
				GCC_NO_COMMON_BLOCKS = YES;
				GCC_OPTIMIZATION_LEVEL = 0;
				GCC_PREPROCESSOR_DEFINITIONS = (
					"DEBUG=1",
					"$(inherited)",
				);
				GCC_WARN_64_TO_32_BIT_CONVERSION = YES;
				GCC_WARN_ABOUT_RETURN_TYPE = YES_ERROR;
				GCC_WARN_UNDECLARED_SELECTOR = YES;
				GCC_WARN_UNINITIALIZED_AUTOS = YES_AGGRESSIVE;
				GCC_WARN_UNUSED_FUNCTION = YES;
				GCC_WARN_UNUSED_VARIABLE = YES;
				IPHONEOS_DEPLOYMENT_TARGET = 15.2;
				MTL_ENABLE_DEBUG_INFO = INCLUDE_SOURCE;
				MTL_FAST_MATH = YES;
				ONLY_ACTIVE_ARCH = YES;
				SDKROOT = iphoneos;
				SWIFT_ACTIVE_COMPILATION_CONDITIONS = DEBUG;
				SWIFT_OPTIMIZATION_LEVEL = "-Onone";
			};
			name = Debug;
		};
		01C7880E27F2FDCA00225B50 /* Release */ = {
			isa = XCBuildConfiguration;
			buildSettings = {
				ALWAYS_SEARCH_USER_PATHS = NO;
				CLANG_ANALYZER_NONNULL = YES;
				CLANG_ANALYZER_NUMBER_OBJECT_CONVERSION = YES_AGGRESSIVE;
				CLANG_CXX_LANGUAGE_STANDARD = "gnu++17";
				CLANG_CXX_LIBRARY = "libc++";
				CLANG_ENABLE_MODULES = YES;
				CLANG_ENABLE_OBJC_ARC = YES;
				CLANG_ENABLE_OBJC_WEAK = YES;
				CLANG_WARN_BLOCK_CAPTURE_AUTORELEASING = YES;
				CLANG_WARN_BOOL_CONVERSION = YES;
				CLANG_WARN_COMMA = YES;
				CLANG_WARN_CONSTANT_CONVERSION = YES;
				CLANG_WARN_DEPRECATED_OBJC_IMPLEMENTATIONS = YES;
				CLANG_WARN_DIRECT_OBJC_ISA_USAGE = YES_ERROR;
				CLANG_WARN_DOCUMENTATION_COMMENTS = YES;
				CLANG_WARN_EMPTY_BODY = YES;
				CLANG_WARN_ENUM_CONVERSION = YES;
				CLANG_WARN_INFINITE_RECURSION = YES;
				CLANG_WARN_INT_CONVERSION = YES;
				CLANG_WARN_NON_LITERAL_NULL_CONVERSION = YES;
				CLANG_WARN_OBJC_IMPLICIT_RETAIN_SELF = YES;
				CLANG_WARN_OBJC_LITERAL_CONVERSION = YES;
				CLANG_WARN_OBJC_ROOT_CLASS = YES_ERROR;
				CLANG_WARN_QUOTED_INCLUDE_IN_FRAMEWORK_HEADER = YES;
				CLANG_WARN_RANGE_LOOP_ANALYSIS = YES;
				CLANG_WARN_STRICT_PROTOTYPES = YES;
				CLANG_WARN_SUSPICIOUS_MOVE = YES;
				CLANG_WARN_UNGUARDED_AVAILABILITY = YES_AGGRESSIVE;
				CLANG_WARN_UNREACHABLE_CODE = YES;
				CLANG_WARN__DUPLICATE_METHOD_MATCH = YES;
				COPY_PHASE_STRIP = NO;
				DEBUG_INFORMATION_FORMAT = "dwarf-with-dsym";
				ENABLE_NS_ASSERTIONS = NO;
				ENABLE_STRICT_OBJC_MSGSEND = YES;
				GCC_C_LANGUAGE_STANDARD = gnu11;
				GCC_NO_COMMON_BLOCKS = YES;
				GCC_WARN_64_TO_32_BIT_CONVERSION = YES;
				GCC_WARN_ABOUT_RETURN_TYPE = YES_ERROR;
				GCC_WARN_UNDECLARED_SELECTOR = YES;
				GCC_WARN_UNINITIALIZED_AUTOS = YES_AGGRESSIVE;
				GCC_WARN_UNUSED_FUNCTION = YES;
				GCC_WARN_UNUSED_VARIABLE = YES;
				IPHONEOS_DEPLOYMENT_TARGET = 15.2;
				MTL_ENABLE_DEBUG_INFO = NO;
				MTL_FAST_MATH = YES;
				SDKROOT = iphoneos;
				SWIFT_COMPILATION_MODE = wholemodule;
				SWIFT_OPTIMIZATION_LEVEL = "-O";
				VALIDATE_PRODUCT = YES;
			};
			name = Release;
		};
		01C7881027F2FDCA00225B50 /* Debug */ = {
			isa = XCBuildConfiguration;
			baseConfigurationReference = 51EB93AB2465C66487FF5D58 /* Pods-Vox.debug.xcconfig */;
			buildSettings = {
				ASSETCATALOG_COMPILER_APPICON_NAME = AppIcon;
				ASSETCATALOG_COMPILER_GLOBAL_ACCENT_COLOR_NAME = AccentColor;
				CODE_SIGN_STYLE = Automatic;
				CURRENT_PROJECT_VERSION = 1;
				DEVELOPMENT_TEAM = 3S38K76AP3;
				GENERATE_INFOPLIST_FILE = YES;
				INFOPLIST_FILE = Vox/Info.plist;
				INFOPLIST_KEY_UIApplicationSupportsIndirectInputEvents = YES;
				INFOPLIST_KEY_UILaunchStoryboardName = LaunchScreen;
				INFOPLIST_KEY_UIMainStoryboardFile = Main;
				INFOPLIST_KEY_UISupportedInterfaceOrientations_iPad = "UIInterfaceOrientationPortrait UIInterfaceOrientationPortraitUpsideDown UIInterfaceOrientationLandscapeLeft UIInterfaceOrientationLandscapeRight";
				INFOPLIST_KEY_UISupportedInterfaceOrientations_iPhone = "UIInterfaceOrientationPortrait UIInterfaceOrientationLandscapeLeft UIInterfaceOrientationLandscapeRight";
				LD_RUNPATH_SEARCH_PATHS = (
					"$(inherited)",
					"@executable_path/Frameworks",
				);
				MARKETING_VERSION = 1.0;
				PRODUCT_BUNDLE_IDENTIFIER = com.skanderthabet.Vox;
				PRODUCT_NAME = "$(TARGET_NAME)";
				SWIFT_EMIT_LOC_STRINGS = YES;
				SWIFT_VERSION = 5.0;
				TARGETED_DEVICE_FAMILY = "1,2";
			};
			name = Debug;
		};
		01C7881127F2FDCA00225B50 /* Release */ = {
			isa = XCBuildConfiguration;
			baseConfigurationReference = E29B5A0DF324EC94CFDA83F8 /* Pods-Vox.release.xcconfig */;
			buildSettings = {
				ASSETCATALOG_COMPILER_APPICON_NAME = AppIcon;
				ASSETCATALOG_COMPILER_GLOBAL_ACCENT_COLOR_NAME = AccentColor;
				CODE_SIGN_STYLE = Automatic;
				CURRENT_PROJECT_VERSION = 1;
				DEVELOPMENT_TEAM = 3S38K76AP3;
				GENERATE_INFOPLIST_FILE = YES;
				INFOPLIST_FILE = Vox/Info.plist;
				INFOPLIST_KEY_UIApplicationSupportsIndirectInputEvents = YES;
				INFOPLIST_KEY_UILaunchStoryboardName = LaunchScreen;
				INFOPLIST_KEY_UIMainStoryboardFile = Main;
				INFOPLIST_KEY_UISupportedInterfaceOrientations_iPad = "UIInterfaceOrientationPortrait UIInterfaceOrientationPortraitUpsideDown UIInterfaceOrientationLandscapeLeft UIInterfaceOrientationLandscapeRight";
				INFOPLIST_KEY_UISupportedInterfaceOrientations_iPhone = "UIInterfaceOrientationPortrait UIInterfaceOrientationLandscapeLeft UIInterfaceOrientationLandscapeRight";
				LD_RUNPATH_SEARCH_PATHS = (
					"$(inherited)",
					"@executable_path/Frameworks",
				);
				MARKETING_VERSION = 1.0;
				PRODUCT_BUNDLE_IDENTIFIER = com.skanderthabet.Vox;
				PRODUCT_NAME = "$(TARGET_NAME)";
				SWIFT_EMIT_LOC_STRINGS = YES;
				SWIFT_VERSION = 5.0;
				TARGETED_DEVICE_FAMILY = "1,2";
			};
			name = Release;
		};
		01C7881327F2FDCA00225B50 /* Debug */ = {
			isa = XCBuildConfiguration;
			baseConfigurationReference = 0765961A316336F4BFF67362 /* Pods-VoxTests.debug.xcconfig */;
			buildSettings = {
				ALWAYS_EMBED_SWIFT_STANDARD_LIBRARIES = YES;
				BUNDLE_LOADER = "$(TEST_HOST)";
				CODE_SIGN_STYLE = Automatic;
				CURRENT_PROJECT_VERSION = 1;
				DEVELOPMENT_TEAM = 3S38K76AP3;
				GENERATE_INFOPLIST_FILE = YES;
				IPHONEOS_DEPLOYMENT_TARGET = 15.2;
				MARKETING_VERSION = 1.0;
				PRODUCT_BUNDLE_IDENTIFIER = com.skanderthabet.VoxTests;
				PRODUCT_NAME = "$(TARGET_NAME)";
				SWIFT_EMIT_LOC_STRINGS = NO;
				SWIFT_VERSION = 5.0;
				TARGETED_DEVICE_FAMILY = "1,2";
				TEST_HOST = "$(BUILT_PRODUCTS_DIR)/Vox.app/Vox";
			};
			name = Debug;
		};
		01C7881427F2FDCA00225B50 /* Release */ = {
			isa = XCBuildConfiguration;
			baseConfigurationReference = 439B925A1AAAFCD7158AB462 /* Pods-VoxTests.release.xcconfig */;
			buildSettings = {
				ALWAYS_EMBED_SWIFT_STANDARD_LIBRARIES = YES;
				BUNDLE_LOADER = "$(TEST_HOST)";
				CODE_SIGN_STYLE = Automatic;
				CURRENT_PROJECT_VERSION = 1;
				DEVELOPMENT_TEAM = 3S38K76AP3;
				GENERATE_INFOPLIST_FILE = YES;
				IPHONEOS_DEPLOYMENT_TARGET = 15.2;
				MARKETING_VERSION = 1.0;
				PRODUCT_BUNDLE_IDENTIFIER = com.skanderthabet.VoxTests;
				PRODUCT_NAME = "$(TARGET_NAME)";
				SWIFT_EMIT_LOC_STRINGS = NO;
				SWIFT_VERSION = 5.0;
				TARGETED_DEVICE_FAMILY = "1,2";
				TEST_HOST = "$(BUILT_PRODUCTS_DIR)/Vox.app/Vox";
			};
			name = Release;
		};
		01C7881627F2FDCA00225B50 /* Debug */ = {
			isa = XCBuildConfiguration;
			baseConfigurationReference = 503C2B50F4E05E09F3353D1B /* Pods-Vox-VoxUITests.debug.xcconfig */;
			buildSettings = {
				ALWAYS_EMBED_SWIFT_STANDARD_LIBRARIES = YES;
				CODE_SIGN_STYLE = Automatic;
				CURRENT_PROJECT_VERSION = 1;
				DEVELOPMENT_TEAM = 3S38K76AP3;
				GENERATE_INFOPLIST_FILE = YES;
				MARKETING_VERSION = 1.0;
				PRODUCT_BUNDLE_IDENTIFIER = com.skanderthabet.VoxUITests;
				PRODUCT_NAME = "$(TARGET_NAME)";
				SWIFT_EMIT_LOC_STRINGS = NO;
				SWIFT_VERSION = 5.0;
				TARGETED_DEVICE_FAMILY = "1,2";
				TEST_TARGET_NAME = Vox;
			};
			name = Debug;
		};
		01C7881727F2FDCA00225B50 /* Release */ = {
			isa = XCBuildConfiguration;
			baseConfigurationReference = 5BDBD4BE2077D706007F593F /* Pods-Vox-VoxUITests.release.xcconfig */;
			buildSettings = {
				ALWAYS_EMBED_SWIFT_STANDARD_LIBRARIES = YES;
				CODE_SIGN_STYLE = Automatic;
				CURRENT_PROJECT_VERSION = 1;
				DEVELOPMENT_TEAM = 3S38K76AP3;
				GENERATE_INFOPLIST_FILE = YES;
				MARKETING_VERSION = 1.0;
				PRODUCT_BUNDLE_IDENTIFIER = com.skanderthabet.VoxUITests;
				PRODUCT_NAME = "$(TARGET_NAME)";
				SWIFT_EMIT_LOC_STRINGS = NO;
				SWIFT_VERSION = 5.0;
				TARGETED_DEVICE_FAMILY = "1,2";
				TEST_TARGET_NAME = Vox;
			};
			name = Release;
		};
/* End XCBuildConfiguration section */

/* Begin XCConfigurationList section */
		01C787DD27F2FDC900225B50 /* Build configuration list for PBXProject "Vox" */ = {
			isa = XCConfigurationList;
			buildConfigurations = (
				01C7880D27F2FDCA00225B50 /* Debug */,
				01C7880E27F2FDCA00225B50 /* Release */,
			);
			defaultConfigurationIsVisible = 0;
			defaultConfigurationName = Release;
		};
		01C7880F27F2FDCA00225B50 /* Build configuration list for PBXNativeTarget "Vox" */ = {
			isa = XCConfigurationList;
			buildConfigurations = (
				01C7881027F2FDCA00225B50 /* Debug */,
				01C7881127F2FDCA00225B50 /* Release */,
			);
			defaultConfigurationIsVisible = 0;
			defaultConfigurationName = Release;
		};
		01C7881227F2FDCA00225B50 /* Build configuration list for PBXNativeTarget "VoxTests" */ = {
			isa = XCConfigurationList;
			buildConfigurations = (
				01C7881327F2FDCA00225B50 /* Debug */,
				01C7881427F2FDCA00225B50 /* Release */,
			);
			defaultConfigurationIsVisible = 0;
			defaultConfigurationName = Release;
		};
		01C7881527F2FDCA00225B50 /* Build configuration list for PBXNativeTarget "VoxUITests" */ = {
			isa = XCConfigurationList;
			buildConfigurations = (
				01C7881627F2FDCA00225B50 /* Debug */,
				01C7881727F2FDCA00225B50 /* Release */,
			);
			defaultConfigurationIsVisible = 0;
			defaultConfigurationName = Release;
		};
/* End XCConfigurationList section */

/* Begin XCVersionGroup section */
		01C787EE27F2FDCA00225B50 /* Vox.xcdatamodeld */ = {
			isa = XCVersionGroup;
			children = (
				01C787EF27F2FDCA00225B50 /* Vox.xcdatamodel */,
			);
			currentVersion = 01C787EF27F2FDCA00225B50 /* Vox.xcdatamodel */;
			path = Vox.xcdatamodeld;
			sourceTree = "<group>";
			versionGroupType = wrapper.xcdatamodel;
		};
/* End XCVersionGroup section */
	};
	rootObject = 01C787DA27F2FDC900225B50 /* Project object */;
}
